
Microsoft Visual Studio Solution File, Format Version 12.00
# Visual Studio Version 18
VisualStudioVersion = 18.5.11612.153 insiders
MinimumVisualStudioVersion = 10.0.40219.1
Project("{FAE04EC0-301F-11D3-BF4B-00C04F79EFBC}") = "bmdl", "bmdl.csproj", "{32B45250-318A-1AA6-5987-3CB313FB83CB}"
EndProject
Global
	GlobalSection(SolutionConfigurationPlatforms) = preSolution
		Debug|Any CPU = Debug|Any CPU
		Release|Any CPU = Release|Any CPU
	EndGlobalSection
	GlobalSection(ProjectConfigurationPlatforms) = postSolution
		{32B45250-318A-1AA6-5987-3CB313FB83CB}.Debug|Any CPU.ActiveCfg = Debug|Any CPU
		{32B45250-318A-1AA6-5987-3CB313FB83CB}.Debug|Any CPU.Build.0 = Debug|Any CPU
		{32B45250-318A-1AA6-5987-3CB313FB83CB}.Release|Any CPU.ActiveCfg = Release|Any CPU
		{32B45250-318A-1AA6-5987-3CB313FB83CB}.Release|Any CPU.Build.0 = Release|Any CPU
	EndGlobalSection
	GlobalSection(SolutionProperties) = preSolution
		HideSolutionNode = FALSE
	EndGlobalSection
	GlobalSection(ExtensibilityGlobals) = postSolution
		SolutionGuid = {1054FD00-C8A7-4FB8-A75C-5DB59841CC65}
	EndGlobalSection
EndGlobal
